
Microsoft Visual Studio Solution File, Format Version 12.00
# Visual Studio Version 17
VisualStudioVersion = 17.3.32929.385
MinimumVisualStudioVersion = 10.0.40219.1
Project("{8BC9CEB8-8B4A-11D0-8D11-00A0C91BC942}") = "Cenedes.ViewModels", "Cenedes.ViewModels\Cenedes.ViewModels.vcxproj", "{8F48460B-ABC1-47A8-9678-D03A377F968F}"
EndProject
Project("{2150E333-8FDC-42A3-9474-1A3956D46DE8}") = "Solution Folder", "Solution Folder", "{B8CBF0B1-6DDE-4508-85AD-767CE588E344}"
	ProjectSection(SolutionItems) = preProject
		.gitignore = .gitignore
		LICENCE = LICENCE
		README.md = README.md
		Solution.props = Solution.props
	EndProjectSection
EndProject
Project("{8BC9CEB8-8B4A-11D0-8D11-00A0C91BC942}") = "Cenedes.Application", "Cenedes.Application\Cenedes.Application.vcxproj", "{73A182D8-0570-40BC-B3C3-DA74B6A9AC5C}"
EndProject
Project("{8BC9CEB8-8B4A-11D0-8D11-00A0C91BC942}") = "Cenedes.UnitTests", "Cenedes.UnitTests\Cenedes.UnitTests.vcxproj", "{6E82941D-EFD9-4D8F-8378-599F08574332}"
EndProject
Project("{2150E333-8FDC-42A3-9474-1A3956D46DE8}") = "Solution Tests", "Solution Tests", "{42370DF0-B160-4E77-8857-EE4473001819}"
EndProject
Project("{8BC9CEB8-8B4A-11D0-8D11-00A0C91BC942}") = "Cenedes.Helpers", "Cenedes.Helpers\Cenedes.Helpers.vcxproj", "{8579E792-1F9A-4A39-9A5A-2F380E370D14}"
EndProject
Project("{8BC9CEB8-8B4A-11D0-8D11-00A0C91BC942}") = "Cenedes.Models", "Cenedes.Models\Cenedes.Models.vcxproj", "{E3CDD9F5-7847-4012-AB12-EC0E69FF9357}"
EndProject
Project("{8BC9CEB8-8B4A-11D0-8D11-00A0C91BC942}") = "Cenedes.BusinessLogic", "Cenedes.BusinessLogic\Cenedes.BusinessLogic.vcxproj", "{816D7C86-C053-42C0-84C3-FC6D3C23033F}"
EndProject
Project("{8BC9CEB8-8B4A-11D0-8D11-00A0C91BC942}") = "Cenedes.Reports", "Cenedes.Reports\Cenedes.Reports.vcxproj", "{E07A962B-01F1-4023-B1B3-20495AF93104}"
EndProject
Project("{8BC9CEB8-8B4A-11D0-8D11-00A0C91BC942}") = "Cenedes.Repository", "Cenedes.Repository\Cenedes.Repository.vcxproj", "{F9076FCD-B749-4710-8FCC-5BE488DB17B2}"
EndProject
Global
	GlobalSection(SolutionConfigurationPlatforms) = preSolution
		Debug|ARM = Debug|ARM
		Debug|arm64 = Debug|arm64
		Debug|x64 = Debug|x64
		Debug|x86 = Debug|x86
		Release|ARM = Release|ARM
		Release|arm64 = Release|arm64
		Release|x64 = Release|x64
		Release|x86 = Release|x86
	EndGlobalSection
	GlobalSection(ProjectConfigurationPlatforms) = postSolution
		{8F48460B-ABC1-47A8-9678-D03A377F968F}.Debug|ARM.ActiveCfg = Debug|x64
		{8F48460B-ABC1-47A8-9678-D03A377F968F}.Debug|ARM.Build.0 = Debug|x64
		{8F48460B-ABC1-47A8-9678-D03A377F968F}.Debug|arm64.ActiveCfg = Debug|arm64
		{8F48460B-ABC1-47A8-9678-D03A377F968F}.Debug|arm64.Build.0 = Debug|arm64
		{8F48460B-ABC1-47A8-9678-D03A377F968F}.Debug|x64.ActiveCfg = Debug|x64
		{8F48460B-ABC1-47A8-9678-D03A377F968F}.Debug|x64.Build.0 = Debug|x64
		{8F48460B-ABC1-47A8-9678-D03A377F968F}.Debug|x86.ActiveCfg = Debug|Win32
		{8F48460B-ABC1-47A8-9678-D03A377F968F}.Debug|x86.Build.0 = Debug|Win32
		{8F48460B-ABC1-47A8-9678-D03A377F968F}.Release|ARM.ActiveCfg = Release|x64
		{8F48460B-ABC1-47A8-9678-D03A377F968F}.Release|ARM.Build.0 = Release|x64
		{8F48460B-ABC1-47A8-9678-D03A377F968F}.Release|arm64.ActiveCfg = Release|arm64
		{8F48460B-ABC1-47A8-9678-D03A377F968F}.Release|arm64.Build.0 = Release|arm64
		{8F48460B-ABC1-47A8-9678-D03A377F968F}.Release|x64.ActiveCfg = Release|x64
		{8F48460B-ABC1-47A8-9678-D03A377F968F}.Release|x64.Build.0 = Release|x64
		{8F48460B-ABC1-47A8-9678-D03A377F968F}.Release|x86.ActiveCfg = Release|Win32
		{8F48460B-ABC1-47A8-9678-D03A377F968F}.Release|x86.Build.0 = Release|Win32
		{73A182D8-0570-40BC-B3C3-DA74B6A9AC5C}.Debug|ARM.ActiveCfg = Debug|x64
		{73A182D8-0570-40BC-B3C3-DA74B6A9AC5C}.Debug|ARM.Build.0 = Debug|x64
		{73A182D8-0570-40BC-B3C3-DA74B6A9AC5C}.Debug|arm64.ActiveCfg = Debug|arm64
		{73A182D8-0570-40BC-B3C3-DA74B6A9AC5C}.Debug|arm64.Build.0 = Debug|arm64
		{73A182D8-0570-40BC-B3C3-DA74B6A9AC5C}.Debug|x64.ActiveCfg = Debug|x64
		{73A182D8-0570-40BC-B3C3-DA74B6A9AC5C}.Debug|x64.Build.0 = Debug|x64
		{73A182D8-0570-40BC-B3C3-DA74B6A9AC5C}.Debug|x86.ActiveCfg = Debug|Win32
		{73A182D8-0570-40BC-B3C3-DA74B6A9AC5C}.Debug|x86.Build.0 = Debug|Win32
		{73A182D8-0570-40BC-B3C3-DA74B6A9AC5C}.Release|ARM.ActiveCfg = Release|x64
		{73A182D8-0570-40BC-B3C3-DA74B6A9AC5C}.Release|ARM.Build.0 = Release|x64
		{73A182D8-0570-40BC-B3C3-DA74B6A9AC5C}.Release|arm64.ActiveCfg = Release|arm64
		{73A182D8-0570-40BC-B3C3-DA74B6A9AC5C}.Release|arm64.Build.0 = Release|arm64
		{73A182D8-0570-40BC-B3C3-DA74B6A9AC5C}.Release|x64.ActiveCfg = Release|x64
		{73A182D8-0570-40BC-B3C3-DA74B6A9AC5C}.Release|x64.Build.0 = Release|x64
		{73A182D8-0570-40BC-B3C3-DA74B6A9AC5C}.Release|x86.ActiveCfg = Release|Win32
		{73A182D8-0570-40BC-B3C3-DA74B6A9AC5C}.Release|x86.Build.0 = Release|Win32
		{6E82941D-EFD9-4D8F-8378-599F08574332}.Debug|ARM.ActiveCfg = Debug|x64
		{6E82941D-EFD9-4D8F-8378-599F08574332}.Debug|ARM.Build.0 = Debug|x64
		{6E82941D-EFD9-4D8F-8378-599F08574332}.Debug|arm64.ActiveCfg = Debug|x64
		{6E82941D-EFD9-4D8F-8378-599F08574332}.Debug|arm64.Build.0 = Debug|x64
		{6E82941D-EFD9-4D8F-8378-599F08574332}.Debug|x64.ActiveCfg = Debug|x64
		{6E82941D-EFD9-4D8F-8378-599F08574332}.Debug|x64.Build.0 = Debug|x64
		{6E82941D-EFD9-4D8F-8378-599F08574332}.Debug|x86.ActiveCfg = Debug|Win32
		{6E82941D-EFD9-4D8F-8378-599F08574332}.Debug|x86.Build.0 = Debug|Win32
		{6E82941D-EFD9-4D8F-8378-599F08574332}.Release|ARM.ActiveCfg = Release|x64
		{6E82941D-EFD9-4D8F-8378-599F08574332}.Release|ARM.Build.0 = Release|x64
		{6E82941D-EFD9-4D8F-8378-599F08574332}.Release|arm64.ActiveCfg = Release|x64
		{6E82941D-EFD9-4D8F-8378-599F08574332}.Release|arm64.Build.0 = Release|x64
		{6E82941D-EFD9-4D8F-8378-599F08574332}.Release|x64.ActiveCfg = Release|x64
		{6E82941D-EFD9-4D8F-8378-599F08574332}.Release|x64.Build.0 = Release|x64
		{6E82941D-EFD9-4D8F-8378-599F08574332}.Release|x86.ActiveCfg = Release|Win32
		{6E82941D-EFD9-4D8F-8378-599F08574332}.Release|x86.Build.0 = Release|Win32
		{8579E792-1F9A-4A39-9A5A-2F380E370D14}.Debug|ARM.ActiveCfg = Debug|ARM
		{8579E792-1F9A-4A39-9A5A-2F380E370D14}.Debug|ARM.Build.0 = Debug|ARM
		{8579E792-1F9A-4A39-9A5A-2F380E370D14}.Debug|arm64.ActiveCfg = Debug|ARM64
		{8579E792-1F9A-4A39-9A5A-2F380E370D14}.Debug|arm64.Build.0 = Debug|ARM64
		{8579E792-1F9A-4A39-9A5A-2F380E370D14}.Debug|x64.ActiveCfg = Debug|x64
		{8579E792-1F9A-4A39-9A5A-2F380E370D14}.Debug|x64.Build.0 = Debug|x64
		{8579E792-1F9A-4A39-9A5A-2F380E370D14}.Debug|x86.ActiveCfg = Debug|Win32
		{8579E792-1F9A-4A39-9A5A-2F380E370D14}.Debug|x86.Build.0 = Debug|Win32
		{8579E792-1F9A-4A39-9A5A-2F380E370D14}.Release|ARM.ActiveCfg = Release|ARM
		{8579E792-1F9A-4A39-9A5A-2F380E370D14}.Release|ARM.Build.0 = Release|ARM
		{8579E792-1F9A-4A39-9A5A-2F380E370D14}.Release|arm64.ActiveCfg = Release|ARM64
		{8579E792-1F9A-4A39-9A5A-2F380E370D14}.Release|arm64.Build.0 = Release|ARM64
		{8579E792-1F9A-4A39-9A5A-2F380E370D14}.Release|x64.ActiveCfg = Release|x64
		{8579E792-1F9A-4A39-9A5A-2F380E370D14}.Release|x64.Build.0 = Release|x64
		{8579E792-1F9A-4A39-9A5A-2F380E370D14}.Release|x86.ActiveCfg = Release|Win32
		{8579E792-1F9A-4A39-9A5A-2F380E370D14}.Release|x86.Build.0 = Release|Win32
		{E3CDD9F5-7847-4012-AB12-EC0E69FF9357}.Debug|ARM.ActiveCfg = Debug|ARM
		{E3CDD9F5-7847-4012-AB12-EC0E69FF9357}.Debug|ARM.Build.0 = Debug|ARM
		{E3CDD9F5-7847-4012-AB12-EC0E69FF9357}.Debug|arm64.ActiveCfg = Debug|ARM64
		{E3CDD9F5-7847-4012-AB12-EC0E69FF9357}.Debug|arm64.Build.0 = Debug|ARM64
		{E3CDD9F5-7847-4012-AB12-EC0E69FF9357}.Debug|x64.ActiveCfg = Debug|x64
		{E3CDD9F5-7847-4012-AB12-EC0E69FF9357}.Debug|x64.Build.0 = Debug|x64
		{E3CDD9F5-7847-4012-AB12-EC0E69FF9357}.Debug|x86.ActiveCfg = Debug|Win32
		{E3CDD9F5-7847-4012-AB12-EC0E69FF9357}.Debug|x86.Build.0 = Debug|Win32
		{E3CDD9F5-7847-4012-AB12-EC0E69FF9357}.Release|ARM.ActiveCfg = Release|ARM
		{E3CDD9F5-7847-4012-AB12-EC0E69FF9357}.Release|ARM.Build.0 = Release|ARM
		{E3CDD9F5-7847-4012-AB12-EC0E69FF9357}.Release|arm64.ActiveCfg = Release|ARM64
		{E3CDD9F5-7847-4012-AB12-EC0E69FF9357}.Release|arm64.Build.0 = Release|ARM64
		{E3CDD9F5-7847-4012-AB12-EC0E69FF9357}.Release|x64.ActiveCfg = Release|x64
		{E3CDD9F5-7847-4012-AB12-EC0E69FF9357}.Release|x64.Build.0 = Release|x64
		{E3CDD9F5-7847-4012-AB12-EC0E69FF9357}.Release|x86.ActiveCfg = Release|Win32
		{E3CDD9F5-7847-4012-AB12-EC0E69FF9357}.Release|x86.Build.0 = Release|Win32
		{816D7C86-C053-42C0-84C3-FC6D3C23033F}.Debug|ARM.ActiveCfg = Debug|ARM
		{816D7C86-C053-42C0-84C3-FC6D3C23033F}.Debug|ARM.Build.0 = Debug|ARM
		{816D7C86-C053-42C0-84C3-FC6D3C23033F}.Debug|arm64.ActiveCfg = Debug|ARM64
		{816D7C86-C053-42C0-84C3-FC6D3C23033F}.Debug|arm64.Build.0 = Debug|ARM64
		{816D7C86-C053-42C0-84C3-FC6D3C23033F}.Debug|x64.ActiveCfg = Debug|x64
		{816D7C86-C053-42C0-84C3-FC6D3C23033F}.Debug|x64.Build.0 = Debug|x64
		{816D7C86-C053-42C0-84C3-FC6D3C23033F}.Debug|x86.ActiveCfg = Debug|Win32
		{816D7C86-C053-42C0-84C3-FC6D3C23033F}.Debug|x86.Build.0 = Debug|Win32
		{816D7C86-C053-42C0-84C3-FC6D3C23033F}.Release|ARM.ActiveCfg = Release|ARM
		{816D7C86-C053-42C0-84C3-FC6D3C23033F}.Release|ARM.Build.0 = Release|ARM
		{816D7C86-C053-42C0-84C3-FC6D3C23033F}.Release|arm64.ActiveCfg = Release|ARM64
		{816D7C86-C053-42C0-84C3-FC6D3C23033F}.Release|arm64.Build.0 = Release|ARM64
		{816D7C86-C053-42C0-84C3-FC6D3C23033F}.Release|x64.ActiveCfg = Release|x64
		{816D7C86-C053-42C0-84C3-FC6D3C23033F}.Release|x64.Build.0 = Release|x64
		{816D7C86-C053-42C0-84C3-FC6D3C23033F}.Release|x86.ActiveCfg = Release|Win32
		{816D7C86-C053-42C0-84C3-FC6D3C23033F}.Release|x86.Build.0 = Release|Win32
		{E07A962B-01F1-4023-B1B3-20495AF93104}.Debug|ARM.ActiveCfg = Debug|ARM
		{E07A962B-01F1-4023-B1B3-20495AF93104}.Debug|ARM.Build.0 = Debug|ARM
		{E07A962B-01F1-4023-B1B3-20495AF93104}.Debug|arm64.ActiveCfg = Debug|ARM64
		{E07A962B-01F1-4023-B1B3-20495AF93104}.Debug|arm64.Build.0 = Debug|ARM64
		{E07A962B-01F1-4023-B1B3-20495AF93104}.Debug|x64.ActiveCfg = Debug|x64
		{E07A962B-01F1-4023-B1B3-20495AF93104}.Debug|x64.Build.0 = Debug|x64
		{E07A962B-01F1-4023-B1B3-20495AF93104}.Debug|x86.ActiveCfg = Debug|Win32
		{E07A962B-01F1-4023-B1B3-20495AF93104}.Debug|x86.Build.0 = Debug|Win32
		{E07A962B-01F1-4023-B1B3-20495AF93104}.Release|ARM.ActiveCfg = Release|ARM
		{E07A962B-01F1-4023-B1B3-20495AF93104}.Release|ARM.Build.0 = Release|ARM
		{E07A962B-01F1-4023-B1B3-20495AF93104}.Release|arm64.ActiveCfg = Release|ARM64
		{E07A962B-01F1-4023-B1B3-20495AF93104}.Release|arm64.Build.0 = Release|ARM64
		{E07A962B-01F1-4023-B1B3-20495AF93104}.Release|x64.ActiveCfg = Release|x64
		{E07A962B-01F1-4023-B1B3-20495AF93104}.Release|x64.Build.0 = Release|x64
		{E07A962B-01F1-4023-B1B3-20495AF93104}.Release|x86.ActiveCfg = Release|Win32
		{E07A962B-01F1-4023-B1B3-20495AF93104}.Release|x86.Build.0 = Release|Win32
		{F9076FCD-B749-4710-8FCC-5BE488DB17B2}.Debug|ARM.ActiveCfg = Debug|ARM
		{F9076FCD-B749-4710-8FCC-5BE488DB17B2}.Debug|ARM.Build.0 = Debug|ARM
		{F9076FCD-B749-4710-8FCC-5BE488DB17B2}.Debug|arm64.ActiveCfg = Debug|ARM64
		{F9076FCD-B749-4710-8FCC-5BE488DB17B2}.Debug|arm64.Build.0 = Debug|ARM64
		{F9076FCD-B749-4710-8FCC-5BE488DB17B2}.Debug|x64.ActiveCfg = Debug|x64
		{F9076FCD-B749-4710-8FCC-5BE488DB17B2}.Debug|x64.Build.0 = Debug|x64
		{F9076FCD-B749-4710-8FCC-5BE488DB17B2}.Debug|x86.ActiveCfg = Debug|Win32
		{F9076FCD-B749-4710-8FCC-5BE488DB17B2}.Debug|x86.Build.0 = Debug|Win32
		{F9076FCD-B749-4710-8FCC-5BE488DB17B2}.Release|ARM.ActiveCfg = Release|ARM
		{F9076FCD-B749-4710-8FCC-5BE488DB17B2}.Release|ARM.Build.0 = Release|ARM
		{F9076FCD-B749-4710-8FCC-5BE488DB17B2}.Release|arm64.ActiveCfg = Release|ARM64
		{F9076FCD-B749-4710-8FCC-5BE488DB17B2}.Release|arm64.Build.0 = Release|ARM64
		{F9076FCD-B749-4710-8FCC-5BE488DB17B2}.Release|x64.ActiveCfg = Release|x64
		{F9076FCD-B749-4710-8FCC-5BE488DB17B2}.Release|x64.Build.0 = Release|x64
		{F9076FCD-B749-4710-8FCC-5BE488DB17B2}.Release|x86.ActiveCfg = Release|Win32
		{F9076FCD-B749-4710-8FCC-5BE488DB17B2}.Release|x86.Build.0 = Release|Win32
	EndGlobalSection
	GlobalSection(SolutionProperties) = preSolution
		HideSolutionNode = FALSE
	EndGlobalSection
	GlobalSection(NestedProjects) = preSolution
		{6E82941D-EFD9-4D8F-8378-599F08574332} = {42370DF0-B160-4E77-8857-EE4473001819}
	EndGlobalSection
	GlobalSection(ExtensibilityGlobals) = postSolution
		SolutionGuid = {C7B1EA68-F380-4506-9EF1-0CABF8B596B8}
	EndGlobalSection
EndGlobal
