
Microsoft Visual Studio Solution File, Format Version 12.00
# Visual Studio Version 17
VisualStudioVersion = 17.3.32929.385
MinimumVisualStudioVersion = 10.0.40219.1
Project("{8BC9CEB8-8B4A-11D0-8D11-00A0C91BC942}") = "Cenedes.ViewModels", "Cenedes.ViewModels\Cenedes.ViewModels.vcxproj", "{8F48460B-ABC1-47A8-9678-D03A377F968F}"
	ProjectSection(ProjectDependencies) = postProject
		{1A7D5AA1-E62C-4F61-A249-60D3BB3BA071} = {1A7D5AA1-E62C-4F61-A249-60D3BB3BA071}
	EndProjectSection
EndProject
Project("{2150E333-8FDC-42A3-9474-1A3956D46DE8}") = "Solution Folder", "Solution Folder", "{B8CBF0B1-6DDE-4508-85AD-767CE588E344}"
	ProjectSection(SolutionItems) = preProject
		.gitignore = .gitignore
		LICENCE = LICENCE
		README.md = README.md
		Solution.props = Solution.props
	EndProjectSection
EndProject
Project("{8BC9CEB8-8B4A-11D0-8D11-00A0C91BC942}") = "Cenedes.Application", "Cenedes.Application\Cenedes.Application.vcxproj", "{73A182D8-0570-40BC-B3C3-DA74B6A9AC5C}"
EndProject
Project("{8BC9CEB8-8B4A-11D0-8D11-00A0C91BC942}") = "Cenedes.Models", "Cenedes.Models\Cenedes.Models.vcxproj", "{1A7D5AA1-E62C-4F61-A249-60D3BB3BA071}"
EndProject
Project("{8BC9CEB8-8B4A-11D0-8D11-00A0C91BC942}") = "Cenedes.Repository", "Cenedes.Repository\Cenedes.Repository.vcxproj", "{AF5F37D2-75FB-4A14-B1B6-86ACA6BAC427}"
EndProject
Project("{8BC9CEB8-8B4A-11D0-8D11-00A0C91BC942}") = "Cenedes.BusinessLogic", "Cenedes.BusinessLogic\Cenedes.BusinessLogic.vcxproj", "{28C68436-C6E5-4EA7-BAEA-95E1C758AC39}"
EndProject
Project("{8BC9CEB8-8B4A-11D0-8D11-00A0C91BC942}") = "Cenedes.Helpers", "Cenedes.Helpers\Cenedes.Helpers.vcxproj", "{DA4B59E5-3E0A-4F6B-83C0-F28D1CB260AA}"
EndProject
Project("{8BC9CEB8-8B4A-11D0-8D11-00A0C91BC942}") = "Cenedes.Reports", "Cenedes.Reports\Cenedes.Reports.vcxproj", "{D9F30BEF-5153-42CC-8779-E1BB83E531FD}"
EndProject
Project("{8BC9CEB8-8B4A-11D0-8D11-00A0C91BC942}") = "Cenedes.UnitTests", "Cenedes.UnitTests\Cenedes.UnitTests.vcxproj", "{6E82941D-EFD9-4D8F-8378-599F08574332}"
EndProject
Project("{2150E333-8FDC-42A3-9474-1A3956D46DE8}") = "Solution Tests", "Solution Tests", "{42370DF0-B160-4E77-8857-EE4473001819}"
EndProject
Global
	GlobalSection(SolutionConfigurationPlatforms) = preSolution
		Debug|arm64 = Debug|arm64
		Debug|x64 = Debug|x64
		Debug|x86 = Debug|x86
		Release|arm64 = Release|arm64
		Release|x64 = Release|x64
		Release|x86 = Release|x86
	EndGlobalSection
	GlobalSection(ProjectConfigurationPlatforms) = postSolution
		{8F48460B-ABC1-47A8-9678-D03A377F968F}.Debug|arm64.ActiveCfg = Debug|arm64
		{8F48460B-ABC1-47A8-9678-D03A377F968F}.Debug|arm64.Build.0 = Debug|arm64
		{8F48460B-ABC1-47A8-9678-D03A377F968F}.Debug|x64.ActiveCfg = Debug|x64
		{8F48460B-ABC1-47A8-9678-D03A377F968F}.Debug|x64.Build.0 = Debug|x64
		{8F48460B-ABC1-47A8-9678-D03A377F968F}.Debug|x86.ActiveCfg = Debug|Win32
		{8F48460B-ABC1-47A8-9678-D03A377F968F}.Debug|x86.Build.0 = Debug|Win32
		{8F48460B-ABC1-47A8-9678-D03A377F968F}.Release|arm64.ActiveCfg = Release|arm64
		{8F48460B-ABC1-47A8-9678-D03A377F968F}.Release|arm64.Build.0 = Release|arm64
		{8F48460B-ABC1-47A8-9678-D03A377F968F}.Release|x64.ActiveCfg = Release|x64
		{8F48460B-ABC1-47A8-9678-D03A377F968F}.Release|x64.Build.0 = Release|x64
		{8F48460B-ABC1-47A8-9678-D03A377F968F}.Release|x86.ActiveCfg = Release|Win32
		{8F48460B-ABC1-47A8-9678-D03A377F968F}.Release|x86.Build.0 = Release|Win32
		{73A182D8-0570-40BC-B3C3-DA74B6A9AC5C}.Debug|arm64.ActiveCfg = Debug|arm64
		{73A182D8-0570-40BC-B3C3-DA74B6A9AC5C}.Debug|arm64.Build.0 = Debug|arm64
		{73A182D8-0570-40BC-B3C3-DA74B6A9AC5C}.Debug|x64.ActiveCfg = Debug|x64
		{73A182D8-0570-40BC-B3C3-DA74B6A9AC5C}.Debug|x64.Build.0 = Debug|x64
		{73A182D8-0570-40BC-B3C3-DA74B6A9AC5C}.Debug|x86.ActiveCfg = Debug|Win32
		{73A182D8-0570-40BC-B3C3-DA74B6A9AC5C}.Debug|x86.Build.0 = Debug|Win32
		{73A182D8-0570-40BC-B3C3-DA74B6A9AC5C}.Release|arm64.ActiveCfg = Release|arm64
		{73A182D8-0570-40BC-B3C3-DA74B6A9AC5C}.Release|arm64.Build.0 = Release|arm64
		{73A182D8-0570-40BC-B3C3-DA74B6A9AC5C}.Release|x64.ActiveCfg = Release|x64
		{73A182D8-0570-40BC-B3C3-DA74B6A9AC5C}.Release|x64.Build.0 = Release|x64
		{73A182D8-0570-40BC-B3C3-DA74B6A9AC5C}.Release|x86.ActiveCfg = Release|Win32
		{73A182D8-0570-40BC-B3C3-DA74B6A9AC5C}.Release|x86.Build.0 = Release|Win32
		{1A7D5AA1-E62C-4F61-A249-60D3BB3BA071}.Debug|arm64.ActiveCfg = Debug|arm64
		{1A7D5AA1-E62C-4F61-A249-60D3BB3BA071}.Debug|arm64.Build.0 = Debug|arm64
		{1A7D5AA1-E62C-4F61-A249-60D3BB3BA071}.Debug|x64.ActiveCfg = Debug|x64
		{1A7D5AA1-E62C-4F61-A249-60D3BB3BA071}.Debug|x64.Build.0 = Debug|x64
		{1A7D5AA1-E62C-4F61-A249-60D3BB3BA071}.Debug|x86.ActiveCfg = Debug|Win32
		{1A7D5AA1-E62C-4F61-A249-60D3BB3BA071}.Debug|x86.Build.0 = Debug|Win32
		{1A7D5AA1-E62C-4F61-A249-60D3BB3BA071}.Release|arm64.ActiveCfg = Release|arm64
		{1A7D5AA1-E62C-4F61-A249-60D3BB3BA071}.Release|arm64.Build.0 = Release|arm64
		{1A7D5AA1-E62C-4F61-A249-60D3BB3BA071}.Release|x64.ActiveCfg = Release|x64
		{1A7D5AA1-E62C-4F61-A249-60D3BB3BA071}.Release|x64.Build.0 = Release|x64
		{1A7D5AA1-E62C-4F61-A249-60D3BB3BA071}.Release|x86.ActiveCfg = Release|Win32
		{1A7D5AA1-E62C-4F61-A249-60D3BB3BA071}.Release|x86.Build.0 = Release|Win32
		{AF5F37D2-75FB-4A14-B1B6-86ACA6BAC427}.Debug|arm64.ActiveCfg = Debug|arm64
		{AF5F37D2-75FB-4A14-B1B6-86ACA6BAC427}.Debug|arm64.Build.0 = Debug|arm64
		{AF5F37D2-75FB-4A14-B1B6-86ACA6BAC427}.Debug|x64.ActiveCfg = Debug|x64
		{AF5F37D2-75FB-4A14-B1B6-86ACA6BAC427}.Debug|x64.Build.0 = Debug|x64
		{AF5F37D2-75FB-4A14-B1B6-86ACA6BAC427}.Debug|x86.ActiveCfg = Debug|Win32
		{AF5F37D2-75FB-4A14-B1B6-86ACA6BAC427}.Debug|x86.Build.0 = Debug|Win32
		{AF5F37D2-75FB-4A14-B1B6-86ACA6BAC427}.Release|arm64.ActiveCfg = Release|arm64
		{AF5F37D2-75FB-4A14-B1B6-86ACA6BAC427}.Release|arm64.Build.0 = Release|arm64
		{AF5F37D2-75FB-4A14-B1B6-86ACA6BAC427}.Release|x64.ActiveCfg = Release|x64
		{AF5F37D2-75FB-4A14-B1B6-86ACA6BAC427}.Release|x64.Build.0 = Release|x64
		{AF5F37D2-75FB-4A14-B1B6-86ACA6BAC427}.Release|x86.ActiveCfg = Release|Win32
		{AF5F37D2-75FB-4A14-B1B6-86ACA6BAC427}.Release|x86.Build.0 = Release|Win32
		{28C68436-C6E5-4EA7-BAEA-95E1C758AC39}.Debug|arm64.ActiveCfg = Debug|arm64
		{28C68436-C6E5-4EA7-BAEA-95E1C758AC39}.Debug|arm64.Build.0 = Debug|arm64
		{28C68436-C6E5-4EA7-BAEA-95E1C758AC39}.Debug|x64.ActiveCfg = Debug|x64
		{28C68436-C6E5-4EA7-BAEA-95E1C758AC39}.Debug|x64.Build.0 = Debug|x64
		{28C68436-C6E5-4EA7-BAEA-95E1C758AC39}.Debug|x86.ActiveCfg = Debug|Win32
		{28C68436-C6E5-4EA7-BAEA-95E1C758AC39}.Debug|x86.Build.0 = Debug|Win32
		{28C68436-C6E5-4EA7-BAEA-95E1C758AC39}.Release|arm64.ActiveCfg = Release|arm64
		{28C68436-C6E5-4EA7-BAEA-95E1C758AC39}.Release|arm64.Build.0 = Release|arm64
		{28C68436-C6E5-4EA7-BAEA-95E1C758AC39}.Release|x64.ActiveCfg = Release|x64
		{28C68436-C6E5-4EA7-BAEA-95E1C758AC39}.Release|x64.Build.0 = Release|x64
		{28C68436-C6E5-4EA7-BAEA-95E1C758AC39}.Release|x86.ActiveCfg = Release|Win32
		{28C68436-C6E5-4EA7-BAEA-95E1C758AC39}.Release|x86.Build.0 = Release|Win32
		{DA4B59E5-3E0A-4F6B-83C0-F28D1CB260AA}.Debug|arm64.ActiveCfg = Debug|arm64
		{DA4B59E5-3E0A-4F6B-83C0-F28D1CB260AA}.Debug|arm64.Build.0 = Debug|arm64
		{DA4B59E5-3E0A-4F6B-83C0-F28D1CB260AA}.Debug|x64.ActiveCfg = Debug|x64
		{DA4B59E5-3E0A-4F6B-83C0-F28D1CB260AA}.Debug|x64.Build.0 = Debug|x64
		{DA4B59E5-3E0A-4F6B-83C0-F28D1CB260AA}.Debug|x86.ActiveCfg = Debug|Win32
		{DA4B59E5-3E0A-4F6B-83C0-F28D1CB260AA}.Debug|x86.Build.0 = Debug|Win32
		{DA4B59E5-3E0A-4F6B-83C0-F28D1CB260AA}.Release|arm64.ActiveCfg = Release|arm64
		{DA4B59E5-3E0A-4F6B-83C0-F28D1CB260AA}.Release|arm64.Build.0 = Release|arm64
		{DA4B59E5-3E0A-4F6B-83C0-F28D1CB260AA}.Release|x64.ActiveCfg = Release|x64
		{DA4B59E5-3E0A-4F6B-83C0-F28D1CB260AA}.Release|x64.Build.0 = Release|x64
		{DA4B59E5-3E0A-4F6B-83C0-F28D1CB260AA}.Release|x86.ActiveCfg = Release|Win32
		{DA4B59E5-3E0A-4F6B-83C0-F28D1CB260AA}.Release|x86.Build.0 = Release|Win32
		{D9F30BEF-5153-42CC-8779-E1BB83E531FD}.Debug|arm64.ActiveCfg = Debug|arm64
		{D9F30BEF-5153-42CC-8779-E1BB83E531FD}.Debug|arm64.Build.0 = Debug|arm64
		{D9F30BEF-5153-42CC-8779-E1BB83E531FD}.Debug|x64.ActiveCfg = Debug|x64
		{D9F30BEF-5153-42CC-8779-E1BB83E531FD}.Debug|x64.Build.0 = Debug|x64
		{D9F30BEF-5153-42CC-8779-E1BB83E531FD}.Debug|x86.ActiveCfg = Debug|Win32
		{D9F30BEF-5153-42CC-8779-E1BB83E531FD}.Debug|x86.Build.0 = Debug|Win32
		{D9F30BEF-5153-42CC-8779-E1BB83E531FD}.Release|arm64.ActiveCfg = Release|arm64
		{D9F30BEF-5153-42CC-8779-E1BB83E531FD}.Release|arm64.Build.0 = Release|arm64
		{D9F30BEF-5153-42CC-8779-E1BB83E531FD}.Release|x64.ActiveCfg = Release|x64
		{D9F30BEF-5153-42CC-8779-E1BB83E531FD}.Release|x64.Build.0 = Release|x64
		{D9F30BEF-5153-42CC-8779-E1BB83E531FD}.Release|x86.ActiveCfg = Release|Win32
		{D9F30BEF-5153-42CC-8779-E1BB83E531FD}.Release|x86.Build.0 = Release|Win32
		{6E82941D-EFD9-4D8F-8378-599F08574332}.Debug|arm64.ActiveCfg = Debug|x64
		{6E82941D-EFD9-4D8F-8378-599F08574332}.Debug|arm64.Build.0 = Debug|x64
		{6E82941D-EFD9-4D8F-8378-599F08574332}.Debug|x64.ActiveCfg = Debug|x64
		{6E82941D-EFD9-4D8F-8378-599F08574332}.Debug|x64.Build.0 = Debug|x64
		{6E82941D-EFD9-4D8F-8378-599F08574332}.Debug|x86.ActiveCfg = Debug|Win32
		{6E82941D-EFD9-4D8F-8378-599F08574332}.Debug|x86.Build.0 = Debug|Win32
		{6E82941D-EFD9-4D8F-8378-599F08574332}.Release|arm64.ActiveCfg = Release|x64
		{6E82941D-EFD9-4D8F-8378-599F08574332}.Release|arm64.Build.0 = Release|x64
		{6E82941D-EFD9-4D8F-8378-599F08574332}.Release|x64.ActiveCfg = Release|x64
		{6E82941D-EFD9-4D8F-8378-599F08574332}.Release|x64.Build.0 = Release|x64
		{6E82941D-EFD9-4D8F-8378-599F08574332}.Release|x86.ActiveCfg = Release|Win32
		{6E82941D-EFD9-4D8F-8378-599F08574332}.Release|x86.Build.0 = Release|Win32
	EndGlobalSection
	GlobalSection(SolutionProperties) = preSolution
		HideSolutionNode = FALSE
	EndGlobalSection
	GlobalSection(NestedProjects) = preSolution
		{6E82941D-EFD9-4D8F-8378-599F08574332} = {42370DF0-B160-4E77-8857-EE4473001819}
	EndGlobalSection
	GlobalSection(ExtensibilityGlobals) = postSolution
		SolutionGuid = {C7B1EA68-F380-4506-9EF1-0CABF8B596B8}
	EndGlobalSection
EndGlobal
