<?xml version="1.0" encoding="utf-8"?>
<Project ToolsVersion="15.0" xmlns="http://schemas.microsoft.com/developer/msbuild/2003">
  <ItemGroup>
    <Filter Include="Resource Files">
      <UniqueIdentifier>{67DA6AB6-F800-4c08-8B7A-83BB121AAD01}</UniqueIdentifier>
      <Extensions>rc;ico;cur;bmp;dlg;rc2;rct;bin;rgs;gif;jpg;jpeg;jpe;resx;tga;tiff;tif;png;wav;mfcribbon-ms</Extensions>
    </Filter>
    <Filter Include="Database">
      <UniqueIdentifier>{dcf73cfe-f8a3-45a7-b1bc-bb4b4e823ceb}</UniqueIdentifier>
    </Filter>
    <Filter Include="Stores">
      <UniqueIdentifier>{217d0d83-639e-4ce7-b43b-ef06957825ac}</UniqueIdentifier>
    </Filter>
    <Filter Include="SQLite">
      <UniqueIdentifier>{59d1029a-c36a-4569-8175-fbe7c7be43c5}</UniqueIdentifier>
    </Filter>
  </ItemGroup>
  <ItemGroup>
    <ClCompile Include="DllMain.cpp" />
    <ClCompile Include="pch.cpp" />
    <ClCompile Include="Cenedes.Stores.Exam.cpp">
      <Filter>Stores</Filter>
    </ClCompile>
  </ItemGroup>
  <ItemGroup>
    <ClInclude Include="pch.h" />
    <ClInclude Include="targetver.h" />
    <ClInclude Include="Cenedes.SQLite.h">
      <Filter>SQLite</Filter>
    </ClInclude>
    <ClInclude Include="Cenedes.SQLite.Handle.h">
      <Filter>SQLite</Filter>
    </ClInclude>
    <ClInclude Include="Cenedes.Stores.Exports.Api.h">
      <Filter>Stores</Filter>
    </ClInclude>
    <ClInclude Include="Cenedes.Stores.Exam.h">
      <Filter>Stores</Filter>
    </ClInclude>
    <ClInclude Include="Cenedes.Stores.Constants.h">
      <Filter>Stores</Filter>
    </ClInclude>
    <ClInclude Include="Cenedes.Stores.h">
      <Filter>Stores</Filter>
    </ClInclude>
    <ClInclude Include="Cenedes.Stores.Helpers.h">
      <Filter>Stores</Filter>
    </ClInclude>
  </ItemGroup>
  <ItemGroup>
    <None Include="Database\Cenedes.db.sql">
      <Filter>Database</Filter>
    </None>
    <None Include="Database\Cenedes.db">
      <Filter>Database</Filter>
    </None>
    <None Include="Database\Cenedes.sqbpro">
      <Filter>Database</Filter>
    </None>
    <None Include="packages.config" />
  </ItemGroup>
</Project>